
Microsoft Visual Studio Solution File, Format Version 12.00
# Visual Studio 15
VisualStudioVersion = 15.0.28307.1433
MinimumVisualStudioVersion = 10.0.40219.1
Project("{FAE04EC0-301F-11D3-BF4B-00C04F79EFBC}") = "QuanLiChiTieu", "QuanLiChiTieu\QuanLiChiTieu.csproj", "{542E2CC2-07AB-441D-8640-CA0F0019A8D2}"
EndProject
Global
	GlobalSection(SolutionConfigurationPlatforms) = preSolution
		Debug|Any CPU = Debug|Any CPU
		Release|Any CPU = Release|Any CPU
	EndGlobalSection
	GlobalSection(ProjectConfigurationPlatforms) = postSolution
		{542E2CC2-07AB-441D-8640-CA0F0019A8D2}.Debug|Any CPU.ActiveCfg = Debug|Any CPU
		{542E2CC2-07AB-441D-8640-CA0F0019A8D2}.Debug|Any CPU.Build.0 = Debug|Any CPU
		{542E2CC2-07AB-441D-8640-CA0F0019A8D2}.Release|Any CPU.ActiveCfg = Release|Any CPU
		{542E2CC2-07AB-441D-8640-CA0F0019A8D2}.Release|Any CPU.Build.0 = Release|Any CPU
	EndGlobalSection
	GlobalSection(SolutionProperties) = preSolution
		HideSolutionNode = FALSE
	EndGlobalSection
	GlobalSection(ExtensibilityGlobals) = postSolution
		SolutionGuid = {3F9F986B-9AA2-411C-BA8F-8F5F8898C62E}
	EndGlobalSection
EndGlobal
