
Microsoft Visual Studio Solution File, Format Version 12.00
# Visual Studio Version 16
VisualStudioVersion = 16.0.31424.327
MinimumVisualStudioVersion = 10.0.40219.1
Project("{FAE04EC0-301F-11D3-BF4B-00C04F79EFBC}") = "QuanLiChiTieuWebForm", "QuanLiChiTieuWebForm\QuanLiChiTieuWebForm.csproj", "{62462337-C625-4D76-B53C-7D0069DDCFF1}"
EndProject
Global
	GlobalSection(SolutionConfigurationPlatforms) = preSolution
		Debug|Any CPU = Debug|Any CPU
		Release|Any CPU = Release|Any CPU
	EndGlobalSection
	GlobalSection(ProjectConfigurationPlatforms) = postSolution
		{62462337-C625-4D76-B53C-7D0069DDCFF1}.Debug|Any CPU.ActiveCfg = Debug|Any CPU
		{62462337-C625-4D76-B53C-7D0069DDCFF1}.Debug|Any CPU.Build.0 = Debug|Any CPU
		{62462337-C625-4D76-B53C-7D0069DDCFF1}.Release|Any CPU.ActiveCfg = Release|Any CPU
		{62462337-C625-4D76-B53C-7D0069DDCFF1}.Release|Any CPU.Build.0 = Release|Any CPU
	EndGlobalSection
	GlobalSection(SolutionProperties) = preSolution
		HideSolutionNode = FALSE
	EndGlobalSection
	GlobalSection(ExtensibilityGlobals) = postSolution
		SolutionGuid = {EF1E2E8A-840E-4144-A9C6-D8F858EF1BDB}
	EndGlobalSection
EndGlobal
